
Microsoft Visual Studio Solution File, Format Version 12.00
# Visual Studio Version 17
VisualStudioVersion = 17.3.32901.215
MinimumVisualStudioVersion = 10.0.40219.1
Project("{9A19103F-16F7-4668-BE54-9A1E7A4F7556}") = "NordicDoor_Group15", "NordicDoor_Group15\NordicDoor_Group15.csproj", "{9568B3DC-9F25-45C3-9B75-39E2DDD7B93A}"
EndProject
Project("{FAE04EC0-301F-11D3-BF4B-00C04F79EFBC}") = "NordicDoor_Group15Tests", "NordicDoor_Group15Tests\NordicDoor_Group15Tests.csproj", "{3AE5C567-014D-421F-9F84-8C25E63A98E0}"
EndProject
Global
	GlobalSection(SolutionConfigurationPlatforms) = preSolution
		Debug|Any CPU = Debug|Any CPU
		Release|Any CPU = Release|Any CPU
	EndGlobalSection
	GlobalSection(ProjectConfigurationPlatforms) = postSolution
		{9568B3DC-9F25-45C3-9B75-39E2DDD7B93A}.Debug|Any CPU.ActiveCfg = Debug|Any CPU
		{9568B3DC-9F25-45C3-9B75-39E2DDD7B93A}.Debug|Any CPU.Build.0 = Debug|Any CPU
		{9568B3DC-9F25-45C3-9B75-39E2DDD7B93A}.Release|Any CPU.ActiveCfg = Release|Any CPU
		{9568B3DC-9F25-45C3-9B75-39E2DDD7B93A}.Release|Any CPU.Build.0 = Release|Any CPU
		{3AE5C567-014D-421F-9F84-8C25E63A98E0}.Debug|Any CPU.ActiveCfg = Debug|Any CPU
		{3AE5C567-014D-421F-9F84-8C25E63A98E0}.Debug|Any CPU.Build.0 = Debug|Any CPU
		{3AE5C567-014D-421F-9F84-8C25E63A98E0}.Release|Any CPU.ActiveCfg = Release|Any CPU
		{3AE5C567-014D-421F-9F84-8C25E63A98E0}.Release|Any CPU.Build.0 = Release|Any CPU
	EndGlobalSection
	GlobalSection(SolutionProperties) = preSolution
		HideSolutionNode = FALSE
	EndGlobalSection
	GlobalSection(ExtensibilityGlobals) = postSolution
		SolutionGuid = {41B94957-FD08-4598-BBB0-8A0F051BFFA4}
	EndGlobalSection
EndGlobal
